
Microsoft Visual Studio Solution File, Format Version 12.00
# Visual Studio 15
VisualStudioVersion = 15.0.27130.2003
MinimumVisualStudioVersion = 10.0.40219.1
Project("{FAE04EC0-301F-11D3-BF4B-00C04F79EFBC}") = "Lecture1", "Lecture1\Lecture1.csproj", "{38B704BA-6987-460E-BB58-B45E99A7B5A7}"
EndProject
Global
	GlobalSection(SolutionConfigurationPlatforms) = preSolution
		Debug|Any CPU = Debug|Any CPU
		Release|Any CPU = Release|Any CPU
	EndGlobalSection
	GlobalSection(ProjectConfigurationPlatforms) = postSolution
		{38B704BA-6987-460E-BB58-B45E99A7B5A7}.Debug|Any CPU.ActiveCfg = Debug|Any CPU
		{38B704BA-6987-460E-BB58-B45E99A7B5A7}.Debug|Any CPU.Build.0 = Debug|Any CPU
		{38B704BA-6987-460E-BB58-B45E99A7B5A7}.Release|Any CPU.ActiveCfg = Release|Any CPU
		{38B704BA-6987-460E-BB58-B45E99A7B5A7}.Release|Any CPU.Build.0 = Release|Any CPU
	EndGlobalSection
	GlobalSection(SolutionProperties) = preSolution
		HideSolutionNode = FALSE
	EndGlobalSection
	GlobalSection(ExtensibilityGlobals) = postSolution
		SolutionGuid = {E2BB53B1-1E99-42E8-AB67-FCCE1C6F2EC3}
	EndGlobalSection
EndGlobal
